
Microsoft Visual Studio Solution File, Format Version 12.00
# Visual Studio Version 16
VisualStudioVersion = 16.0.31019.35
MinimumVisualStudioVersion = 10.0.40219.1
Project("{9A19103F-16F7-4668-BE54-9A1E7A4F7556}") = "MISA.CukCuk.API", "MISA.CukCuk.API\MISA.CukCuk.API.csproj", "{A22D7922-0A27-43A1-B48B-1931AAB9E271}"
EndProject
Project("{9A19103F-16F7-4668-BE54-9A1E7A4F7556}") = "Misa.Infrastructure", "Misa.Infrastructure\Misa.Infrastructure.csproj", "{58BE8421-D337-4B2A-86F5-CFA472DAA6C1}"
EndProject
Project("{9A19103F-16F7-4668-BE54-9A1E7A4F7556}") = "Misa.ApplicationCore", "Misa.ApplicationCore\Misa.ApplicationCore.csproj", "{AD823773-A101-4EF6-9823-6A64006A7F86}"
EndProject
Global
	GlobalSection(SolutionConfigurationPlatforms) = preSolution
		Debug|Any CPU = Debug|Any CPU
		Release|Any CPU = Release|Any CPU
	EndGlobalSection
	GlobalSection(ProjectConfigurationPlatforms) = postSolution
		{A22D7922-0A27-43A1-B48B-1931AAB9E271}.Debug|Any CPU.ActiveCfg = Debug|Any CPU
		{A22D7922-0A27-43A1-B48B-1931AAB9E271}.Debug|Any CPU.Build.0 = Debug|Any CPU
		{A22D7922-0A27-43A1-B48B-1931AAB9E271}.Release|Any CPU.ActiveCfg = Release|Any CPU
		{A22D7922-0A27-43A1-B48B-1931AAB9E271}.Release|Any CPU.Build.0 = Release|Any CPU
		{58BE8421-D337-4B2A-86F5-CFA472DAA6C1}.Debug|Any CPU.ActiveCfg = Debug|Any CPU
		{58BE8421-D337-4B2A-86F5-CFA472DAA6C1}.Debug|Any CPU.Build.0 = Debug|Any CPU
		{58BE8421-D337-4B2A-86F5-CFA472DAA6C1}.Release|Any CPU.ActiveCfg = Release|Any CPU
		{58BE8421-D337-4B2A-86F5-CFA472DAA6C1}.Release|Any CPU.Build.0 = Release|Any CPU
		{AD823773-A101-4EF6-9823-6A64006A7F86}.Debug|Any CPU.ActiveCfg = Debug|Any CPU
		{AD823773-A101-4EF6-9823-6A64006A7F86}.Debug|Any CPU.Build.0 = Debug|Any CPU
		{AD823773-A101-4EF6-9823-6A64006A7F86}.Release|Any CPU.ActiveCfg = Release|Any CPU
		{AD823773-A101-4EF6-9823-6A64006A7F86}.Release|Any CPU.Build.0 = Release|Any CPU
	EndGlobalSection
	GlobalSection(SolutionProperties) = preSolution
		HideSolutionNode = FALSE
	EndGlobalSection
	GlobalSection(ExtensibilityGlobals) = postSolution
		SolutionGuid = {E296C6DB-372A-49FD-A42D-57F3A222B2C0}
	EndGlobalSection
EndGlobal
